{
  "requires": true,
  "lockfileVersion": 1,
  "dependencies": {
    "easeljs": {
      "version": "1.0.2",
      "resolved": "https://registry.npmjs.org/easeljs/-/easeljs-1.0.2.tgz",
      "integrity": "sha512-PQTsiud32vrUIqZCbynjOJjCzoEp0xH+MRusRCdsZ1MzL4LCE2vp4Sa5cr6aShB3mK4vMZ8LFPnts4xuFhjEmg=="
    },
    "howler": {
      "version": "2.0.12",
      "resolved": "https://registry.npmjs.org/howler/-/howler-2.0.12.tgz",
      "integrity": "sha512-4HQr4OO6mU8aOMJNKKJV+9cMcVxLDADB9BDyX0Z9yu337AXINWZwFuXAEhpLHr3EdLrV3jLqdenkOEMr0IUtQw=="
    }
  }
}
